
Microsoft Visual Studio Solution File, Format Version 12.00
# Visual Studio Version 16
VisualStudioVersion = 16.0.34601.136
MinimumVisualStudioVersion = 10.0.40219.1
Project("{FAE04EC0-301F-11D3-BF4B-00C04F79EFBC}") = "TransmissionResultsView", "TransmissionResultsView\TransmissionResultsView.csproj", "{074E439E-8F39-4CD2-8A33-3DF5725EBBC0}"
EndProject
Global
	GlobalSection(SolutionConfigurationPlatforms) = preSolution
		Debug|Any CPU = Debug|Any CPU
		Release|Any CPU = Release|Any CPU
	EndGlobalSection
	GlobalSection(ProjectConfigurationPlatforms) = postSolution
		{074E439E-8F39-4CD2-8A33-3DF5725EBBC0}.Debug|Any CPU.ActiveCfg = Debug|Any CPU
		{074E439E-8F39-4CD2-8A33-3DF5725EBBC0}.Debug|Any CPU.Build.0 = Debug|Any CPU
		{074E439E-8F39-4CD2-8A33-3DF5725EBBC0}.Release|Any CPU.ActiveCfg = Release|Any CPU
		{074E439E-8F39-4CD2-8A33-3DF5725EBBC0}.Release|Any CPU.Build.0 = Release|Any CPU
	EndGlobalSection
	GlobalSection(SolutionProperties) = preSolution
		HideSolutionNode = FALSE
	EndGlobalSection
	GlobalSection(ExtensibilityGlobals) = postSolution
		SolutionGuid = {3CE64E02-4C69-4284-8842-6580F04F6595}
	EndGlobalSection
EndGlobal
